
Microsoft Visual Studio Solution File, Format Version 12.00
# Visual Studio Version 17
VisualStudioVersion = 17.7.34031.279
MinimumVisualStudioVersion = 10.0.40219.1
Project("{FAE04EC0-301F-11D3-BF4B-00C04F79EFBC}") = "WpfApp3class2", "WpfApp3class2.csproj", "{D4C569EA-39CA-4397-9227-9EB0B7724584}"
EndProject
Global
	GlobalSection(SolutionConfigurationPlatforms) = preSolution
		Debug|Any CPU = Debug|Any CPU
		Release|Any CPU = Release|Any CPU
	EndGlobalSection
	GlobalSection(ProjectConfigurationPlatforms) = postSolution
		{D4C569EA-39CA-4397-9227-9EB0B7724584}.Debug|Any CPU.ActiveCfg = Debug|Any CPU
		{D4C569EA-39CA-4397-9227-9EB0B7724584}.Debug|Any CPU.Build.0 = Debug|Any CPU
		{D4C569EA-39CA-4397-9227-9EB0B7724584}.Release|Any CPU.ActiveCfg = Release|Any CPU
		{D4C569EA-39CA-4397-9227-9EB0B7724584}.Release|Any CPU.Build.0 = Release|Any CPU
	EndGlobalSection
	GlobalSection(SolutionProperties) = preSolution
		HideSolutionNode = FALSE
	EndGlobalSection
	GlobalSection(ExtensibilityGlobals) = postSolution
		SolutionGuid = {945DBC5E-6141-44D9-8082-070CC91A7748}
	EndGlobalSection
EndGlobal
